<?xml version="1.0" encoding="utf-8"?>
<Project ToolsVersion="4.0" xmlns="http://schemas.microsoft.com/developer/msbuild/2003">
  <ItemGroup>
    <Filter Include="소스 파일">
      <UniqueIdentifier>{4FC737F1-C7A5-4376-A066-2A32D752A2FF}</UniqueIdentifier>
      <Extensions>cpp;c;cc;cxx;c++;cppm;ixx;def;odl;idl;hpj;bat;asm;asmx</Extensions>
    </Filter>
    <Filter Include="헤더 파일">
      <UniqueIdentifier>{93995380-89BD-4b04-88EB-625FBE52EBFB}</UniqueIdentifier>
      <Extensions>h;hh;hpp;hxx;h++;hm;inl;inc;ipp;xsd</Extensions>
    </Filter>
    <Filter Include="리소스 파일">
      <UniqueIdentifier>{67DA6AB6-F800-4c08-8B7A-83BB121AAD01}</UniqueIdentifier>
      <Extensions>rc;ico;cur;bmp;dlg;rc2;rct;bin;rgs;gif;jpg;jpeg;jpe;resx;tiff;tif;png;wav;mfcribbon-ms</Extensions>
    </Filter>
  </ItemGroup>
  <ItemGroup>
    <ClInclude Include="Server.h">
      <Filter>헤더 파일</Filter>
    </ClInclude>
    <ClInclude Include="ServerDlg.h">
      <Filter>헤더 파일</Filter>
    </ClInclude>
    <ClInclude Include="framework.h">
      <Filter>헤더 파일</Filter>
    </ClInclude>
    <ClInclude Include="targetver.h">
      <Filter>헤더 파일</Filter>
    </ClInclude>
    <ClInclude Include="Resource.h">
      <Filter>헤더 파일</Filter>
    </ClInclude>
    <ClInclude Include="pch.h">
      <Filter>헤더 파일</Filter>
    </ClInclude>
    <ClInclude Include="ListenSocket.h">
      <Filter>헤더 파일</Filter>
    </ClInclude>
    <ClInclude Include="ServiceSocket.h">
      <Filter>헤더 파일</Filter>
    </ClInclude>
    <ClInclude Include="AdressDlg.h">
      <Filter>헤더 파일</Filter>
    </ClInclude>
  </ItemGroup>
  <ItemGroup>
    <ClCompile Include="Server.cpp">
      <Filter>소스 파일</Filter>
    </ClCompile>
    <ClCompile Include="ServerDlg.cpp">
      <Filter>소스 파일</Filter>
    </ClCompile>
    <ClCompile Include="pch.cpp">
      <Filter>소스 파일</Filter>
    </ClCompile>
    <ClCompile Include="ListenSocket.cpp">
      <Filter>소스 파일</Filter>
    </ClCompile>
    <ClCompile Include="ServiceSocket.cpp">
      <Filter>소스 파일</Filter>
    </ClCompile>
    <ClCompile Include="AdressDlg.cpp">
      <Filter>소스 파일</Filter>
    </ClCompile>
  </ItemGroup>
  <ItemGroup>
    <ResourceCompile Include="Server.rc">
      <Filter>리소스 파일</Filter>
    </ResourceCompile>
  </ItemGroup>
  <ItemGroup>
    <None Include="res\Server.rc2">
      <Filter>리소스 파일</Filter>
    </None>
  </ItemGroup>
  <ItemGroup>
    <Image Include="res\Server.ico">
      <Filter>리소스 파일</Filter>
    </Image>
    <Image Include="res\bitmap1.bmp">
      <Filter>리소스 파일</Filter>
    </Image>
    <Image Include="..\..\..\..\Downloads\1 (1).png">
      <Filter>리소스 파일</Filter>
    </Image>
    <Image Include="..\..\..\..\Downloads\1 (3).png">
      <Filter>리소스 파일</Filter>
    </Image>
    <Image Include="..\..\..\..\Downloads\1 (2).png">
      <Filter>리소스 파일</Filter>
    </Image>
    <Image Include="..\..\..\..\Downloads\1 (1).bmp">
      <Filter>리소스 파일</Filter>
    </Image>
    <Image Include="..\..\..\..\Downloads\1 (53).png">
      <Filter>리소스 파일</Filter>
    </Image>
    <Image Include="..\..\..\..\Downloads\1 (52).png">
      <Filter>리소스 파일</Filter>
    </Image>
    <Image Include="..\..\..\..\Downloads\1 (51).png">
      <Filter>리소스 파일</Filter>
    </Image>
    <Image Include="..\..\..\..\Downloads\1 (50).png">
      <Filter>리소스 파일</Filter>
    </Image>
    <Image Include="..\..\..\..\Downloads\1 (49).png">
      <Filter>리소스 파일</Filter>
    </Image>
    <Image Include="..\..\..\..\Downloads\1 (48).png">
      <Filter>리소스 파일</Filter>
    </Image>
    <Image Include="..\..\..\..\Downloads\1 (47).png">
      <Filter>리소스 파일</Filter>
    </Image>
    <Image Include="..\..\..\..\Downloads\1 (46).png">
      <Filter>리소스 파일</Filter>
    </Image>
    <Image Include="..\..\..\..\Downloads\1 (45).png">
      <Filter>리소스 파일</Filter>
    </Image>
    <Image Include="..\..\..\..\Downloads\1 (44).png">
      <Filter>리소스 파일</Filter>
    </Image>
    <Image Include="..\..\..\..\Downloads\1 (43).png">
      <Filter>리소스 파일</Filter>
    </Image>
    <Image Include="..\..\..\..\Downloads\1 (42).png">
      <Filter>리소스 파일</Filter>
    </Image>
    <Image Include="..\..\..\..\Downloads\1 (41).png">
      <Filter>리소스 파일</Filter>
    </Image>
    <Image Include="..\..\..\..\Downloads\1 (40).png">
      <Filter>리소스 파일</Filter>
    </Image>
    <Image Include="..\..\..\..\Downloads\1 (39).png">
      <Filter>리소스 파일</Filter>
    </Image>
    <Image Include="..\..\..\..\Downloads\1 (38).png">
      <Filter>리소스 파일</Filter>
    </Image>
    <Image Include="..\..\..\..\Downloads\1 (37).png">
      <Filter>리소스 파일</Filter>
    </Image>
    <Image Include="..\..\..\..\Downloads\1 (36).png">
      <Filter>리소스 파일</Filter>
    </Image>
    <Image Include="..\..\..\..\Downloads\1 (35).png">
      <Filter>리소스 파일</Filter>
    </Image>
    <Image Include="..\..\..\..\Downloads\1 (34).png">
      <Filter>리소스 파일</Filter>
    </Image>
    <Image Include="..\..\..\..\Downloads\1 (33).png">
      <Filter>리소스 파일</Filter>
    </Image>
    <Image Include="..\..\..\..\Downloads\1 (32).png">
      <Filter>리소스 파일</Filter>
    </Image>
    <Image Include="..\..\..\..\Downloads\1 (31).png">
      <Filter>리소스 파일</Filter>
    </Image>
    <Image Include="..\..\..\..\Downloads\1 (30).png">
      <Filter>리소스 파일</Filter>
    </Image>
    <Image Include="..\..\..\..\Downloads\1 (29).png">
      <Filter>리소스 파일</Filter>
    </Image>
    <Image Include="..\..\..\..\Downloads\1 (28).png">
      <Filter>리소스 파일</Filter>
    </Image>
    <Image Include="..\..\..\..\Downloads\1 (27).png">
      <Filter>리소스 파일</Filter>
    </Image>
    <Image Include="..\..\..\..\Downloads\1 (26).png">
      <Filter>리소스 파일</Filter>
    </Image>
    <Image Include="..\..\..\..\Downloads\1 (25).png">
      <Filter>리소스 파일</Filter>
    </Image>
    <Image Include="..\..\..\..\Downloads\1 (24).png">
      <Filter>리소스 파일</Filter>
    </Image>
    <Image Include="..\..\..\..\Downloads\1 (23).png">
      <Filter>리소스 파일</Filter>
    </Image>
    <Image Include="..\..\..\..\Downloads\1 (22).png">
      <Filter>리소스 파일</Filter>
    </Image>
    <Image Include="..\..\..\..\Downloads\1 (21).png">
      <Filter>리소스 파일</Filter>
    </Image>
    <Image Include="..\..\..\..\Downloads\1 (20).png">
      <Filter>리소스 파일</Filter>
    </Image>
    <Image Include="..\..\..\..\Downloads\1 (19).png">
      <Filter>리소스 파일</Filter>
    </Image>
    <Image Include="..\..\..\..\Downloads\1 (18).png">
      <Filter>리소스 파일</Filter>
    </Image>
    <Image Include="..\..\..\..\Downloads\1 (17).png">
      <Filter>리소스 파일</Filter>
    </Image>
    <Image Include="..\..\..\..\Downloads\1 (16).png">
      <Filter>리소스 파일</Filter>
    </Image>
    <Image Include="..\..\..\..\Downloads\1 (15).png">
      <Filter>리소스 파일</Filter>
    </Image>
    <Image Include="..\..\..\..\Downloads\1 (14).png">
      <Filter>리소스 파일</Filter>
    </Image>
    <Image Include="..\..\..\..\Downloads\1 (13).png">
      <Filter>리소스 파일</Filter>
    </Image>
    <Image Include="..\..\..\..\Downloads\1 (12).png">
      <Filter>리소스 파일</Filter>
    </Image>
    <Image Include="..\..\..\..\Downloads\1 (11).png">
      <Filter>리소스 파일</Filter>
    </Image>
    <Image Include="..\..\..\..\Downloads\1 (10).png">
      <Filter>리소스 파일</Filter>
    </Image>
    <Image Include="..\..\..\..\Downloads\1 (9).png">
      <Filter>리소스 파일</Filter>
    </Image>
    <Image Include="..\..\..\..\Downloads\1 (8).png">
      <Filter>리소스 파일</Filter>
    </Image>
    <Image Include="..\..\..\..\Downloads\1 (7).png">
      <Filter>리소스 파일</Filter>
    </Image>
    <Image Include="..\..\..\..\Downloads\1 (6).png">
      <Filter>리소스 파일</Filter>
    </Image>
    <Image Include="..\..\..\..\Downloads\1 (5).png">
      <Filter>리소스 파일</Filter>
    </Image>
    <Image Include="..\..\..\..\Downloads\1 (4).png">
      <Filter>리소스 파일</Filter>
    </Image>
    <Image Include="..\..\..\..\Downloads\1.png">
      <Filter>리소스 파일</Filter>
    </Image>
  </ItemGroup>
</Project>